
Microsoft Visual Studio Solution File, Format Version 12.00
# Visual Studio Version 16
VisualStudioVersion = 16.0.31424.327
MinimumVisualStudioVersion = 10.0.40219.1
Project("{FAE04EC0-301F-11D3-BF4B-00C04F79EFBC}") = "RoundLogger", "RoundLogger\RoundLogger.csproj", "{910F36F8-B934-4BB3-9DB1-BC74076ACCCA}"
EndProject
Global
	GlobalSection(SolutionConfigurationPlatforms) = preSolution
		Debug|Any CPU = Debug|Any CPU
		Release|Any CPU = Release|Any CPU
	EndGlobalSection
	GlobalSection(ProjectConfigurationPlatforms) = postSolution
		{910F36F8-B934-4BB3-9DB1-BC74076ACCCA}.Debug|Any CPU.ActiveCfg = Debug|Any CPU
		{910F36F8-B934-4BB3-9DB1-BC74076ACCCA}.Debug|Any CPU.Build.0 = Debug|Any CPU
		{910F36F8-B934-4BB3-9DB1-BC74076ACCCA}.Release|Any CPU.ActiveCfg = Release|Any CPU
		{910F36F8-B934-4BB3-9DB1-BC74076ACCCA}.Release|Any CPU.Build.0 = Release|Any CPU
	EndGlobalSection
	GlobalSection(SolutionProperties) = preSolution
		HideSolutionNode = FALSE
	EndGlobalSection
	GlobalSection(ExtensibilityGlobals) = postSolution
		SolutionGuid = {F6230433-A04B-4D7E-999B-998CDA516D73}
	EndGlobalSection
EndGlobal
